
Microsoft Visual Studio Solution File, Format Version 12.00
# Visual Studio Version 17
VisualStudioVersion = 17.7.34018.315
MinimumVisualStudioVersion = 10.0.40219.1
Project("{9A19103F-16F7-4668-BE54-9A1E7A4F7556}") = "Demo.PL", "Demo.PL.csproj", "{16318D08-68F9-4F26-814A-DFB013EE0BA9}"
EndProject
Project("{9A19103F-16F7-4668-BE54-9A1E7A4F7556}") = "Demo.DAL", "..\Demo.DAL\Demo.DAL.csproj", "{B911F31C-0A25-4E7B-9EFB-095F06B7B0DF}"
EndProject
Project("{9A19103F-16F7-4668-BE54-9A1E7A4F7556}") = "Demo.BLL", "..\Demo.BLL\Demo.BLL.csproj", "{570D6250-36FD-4269-8CC5-D54CC3529C91}"
EndProject
Global
	GlobalSection(SolutionConfigurationPlatforms) = preSolution
		Debug|Any CPU = Debug|Any CPU
		Release|Any CPU = Release|Any CPU
	EndGlobalSection
	GlobalSection(ProjectConfigurationPlatforms) = postSolution
		{16318D08-68F9-4F26-814A-DFB013EE0BA9}.Debug|Any CPU.ActiveCfg = Debug|Any CPU
		{16318D08-68F9-4F26-814A-DFB013EE0BA9}.Debug|Any CPU.Build.0 = Debug|Any CPU
		{16318D08-68F9-4F26-814A-DFB013EE0BA9}.Release|Any CPU.ActiveCfg = Release|Any CPU
		{16318D08-68F9-4F26-814A-DFB013EE0BA9}.Release|Any CPU.Build.0 = Release|Any CPU
		{B911F31C-0A25-4E7B-9EFB-095F06B7B0DF}.Debug|Any CPU.ActiveCfg = Debug|Any CPU
		{B911F31C-0A25-4E7B-9EFB-095F06B7B0DF}.Debug|Any CPU.Build.0 = Debug|Any CPU
		{B911F31C-0A25-4E7B-9EFB-095F06B7B0DF}.Release|Any CPU.ActiveCfg = Release|Any CPU
		{B911F31C-0A25-4E7B-9EFB-095F06B7B0DF}.Release|Any CPU.Build.0 = Release|Any CPU
		{570D6250-36FD-4269-8CC5-D54CC3529C91}.Debug|Any CPU.ActiveCfg = Debug|Any CPU
		{570D6250-36FD-4269-8CC5-D54CC3529C91}.Debug|Any CPU.Build.0 = Debug|Any CPU
		{570D6250-36FD-4269-8CC5-D54CC3529C91}.Release|Any CPU.ActiveCfg = Release|Any CPU
		{570D6250-36FD-4269-8CC5-D54CC3529C91}.Release|Any CPU.Build.0 = Release|Any CPU
	EndGlobalSection
	GlobalSection(SolutionProperties) = preSolution
		HideSolutionNode = FALSE
	EndGlobalSection
	GlobalSection(ExtensibilityGlobals) = postSolution
		SolutionGuid = {6B0F9DEE-F833-4731-8850-C6B891C42FB5}
	EndGlobalSection
EndGlobal
